
Microsoft Visual Studio Solution File, Format Version 12.00
# Visual Studio Version 16
VisualStudioVersion = 16.0.30413.136
MinimumVisualStudioVersion = 10.0.40219.1
Project("{FAE04EC0-301F-11D3-BF4B-00C04F79EFBC}") = "Лабораторная 5", "Лабораторная 5\Лабораторная 5.csproj", "{664A1ABF-9579-4985-A8E8-37B6BBB99FEA}"
EndProject
Global
	GlobalSection(SolutionConfigurationPlatforms) = preSolution
		Debug|Any CPU = Debug|Any CPU
		Release|Any CPU = Release|Any CPU
	EndGlobalSection
	GlobalSection(ProjectConfigurationPlatforms) = postSolution
		{664A1ABF-9579-4985-A8E8-37B6BBB99FEA}.Debug|Any CPU.ActiveCfg = Debug|Any CPU
		{664A1ABF-9579-4985-A8E8-37B6BBB99FEA}.Debug|Any CPU.Build.0 = Debug|Any CPU
		{664A1ABF-9579-4985-A8E8-37B6BBB99FEA}.Release|Any CPU.ActiveCfg = Release|Any CPU
		{664A1ABF-9579-4985-A8E8-37B6BBB99FEA}.Release|Any CPU.Build.0 = Release|Any CPU
	EndGlobalSection
	GlobalSection(SolutionProperties) = preSolution
		HideSolutionNode = FALSE
	EndGlobalSection
	GlobalSection(ExtensibilityGlobals) = postSolution
		SolutionGuid = {4F60FE2E-1C5C-4659-ACE1-BA6B23A93EDF}
	EndGlobalSection
EndGlobal
