
Microsoft Visual Studio Solution File, Format Version 12.00
# Visual Studio Version 16
VisualStudioVersion = 16.0.30413.136
MinimumVisualStudioVersion = 10.0.40219.1
Project("{FAE04EC0-301F-11D3-BF4B-00C04F79EFBC}") = "Lab15", "Lab15\Lab15.csproj", "{0F73962C-AB88-48F6-8B54-C4C5126D502C}"
EndProject
Global
	GlobalSection(SolutionConfigurationPlatforms) = preSolution
		Debug|Any CPU = Debug|Any CPU
		Release|Any CPU = Release|Any CPU
	EndGlobalSection
	GlobalSection(ProjectConfigurationPlatforms) = postSolution
		{0F73962C-AB88-48F6-8B54-C4C5126D502C}.Debug|Any CPU.ActiveCfg = Debug|Any CPU
		{0F73962C-AB88-48F6-8B54-C4C5126D502C}.Debug|Any CPU.Build.0 = Debug|Any CPU
		{0F73962C-AB88-48F6-8B54-C4C5126D502C}.Release|Any CPU.ActiveCfg = Release|Any CPU
		{0F73962C-AB88-48F6-8B54-C4C5126D502C}.Release|Any CPU.Build.0 = Release|Any CPU
	EndGlobalSection
	GlobalSection(SolutionProperties) = preSolution
		HideSolutionNode = FALSE
	EndGlobalSection
	GlobalSection(ExtensibilityGlobals) = postSolution
		SolutionGuid = {4DBFE932-42FF-45DB-BBD7-994099616F93}
	EndGlobalSection
EndGlobal
