
Microsoft Visual Studio Solution File, Format Version 12.00
# Visual Studio Version 16
VisualStudioVersion = 16.0.30413.136
MinimumVisualStudioVersion = 10.0.40219.1
Project("{FAE04EC0-301F-11D3-BF4B-00C04F79EFBC}") = "Lab14", "Lab14\Lab14.csproj", "{45EFBA6B-69AD-4213-8070-FAF1CA712A05}"
EndProject
Global
	GlobalSection(SolutionConfigurationPlatforms) = preSolution
		Debug|Any CPU = Debug|Any CPU
		Release|Any CPU = Release|Any CPU
	EndGlobalSection
	GlobalSection(ProjectConfigurationPlatforms) = postSolution
		{45EFBA6B-69AD-4213-8070-FAF1CA712A05}.Debug|Any CPU.ActiveCfg = Debug|Any CPU
		{45EFBA6B-69AD-4213-8070-FAF1CA712A05}.Debug|Any CPU.Build.0 = Debug|Any CPU
		{45EFBA6B-69AD-4213-8070-FAF1CA712A05}.Release|Any CPU.ActiveCfg = Release|Any CPU
		{45EFBA6B-69AD-4213-8070-FAF1CA712A05}.Release|Any CPU.Build.0 = Release|Any CPU
	EndGlobalSection
	GlobalSection(SolutionProperties) = preSolution
		HideSolutionNode = FALSE
	EndGlobalSection
	GlobalSection(ExtensibilityGlobals) = postSolution
		SolutionGuid = {99DC8356-34A5-456E-B7F7-72330408E8AB}
	EndGlobalSection
EndGlobal
