
Microsoft Visual Studio Solution File, Format Version 12.00
# Visual Studio Version 16
VisualStudioVersion = 16.0.30413.136
MinimumVisualStudioVersion = 10.0.40219.1
Project("{FAE04EC0-301F-11D3-BF4B-00C04F79EFBC}") = "Lab10", "Lab10\Lab10.csproj", "{24638F00-8739-428B-B4A5-B68CB7F29824}"
EndProject
Global
	GlobalSection(SolutionConfigurationPlatforms) = preSolution
		Debug|Any CPU = Debug|Any CPU
		Release|Any CPU = Release|Any CPU
	EndGlobalSection
	GlobalSection(ProjectConfigurationPlatforms) = postSolution
		{24638F00-8739-428B-B4A5-B68CB7F29824}.Debug|Any CPU.ActiveCfg = Debug|Any CPU
		{24638F00-8739-428B-B4A5-B68CB7F29824}.Debug|Any CPU.Build.0 = Debug|Any CPU
		{24638F00-8739-428B-B4A5-B68CB7F29824}.Release|Any CPU.ActiveCfg = Release|Any CPU
		{24638F00-8739-428B-B4A5-B68CB7F29824}.Release|Any CPU.Build.0 = Release|Any CPU
	EndGlobalSection
	GlobalSection(SolutionProperties) = preSolution
		HideSolutionNode = FALSE
	EndGlobalSection
	GlobalSection(ExtensibilityGlobals) = postSolution
		SolutionGuid = {87BF7C7A-6390-48DD-814A-3DBFA5EC60D4}
	EndGlobalSection
EndGlobal
